# This file was autogenerated by Stack.
# You should not edit this file by hand.
# For more information, please see the documentation at:
#   https://docs.haskellstack.org/en/stable/lock_files

packages:
- completed:
    hackage: amazonka-1.6.1@sha256:f58b63e83876f93aa03c54e54b3eb8ba9358af93819d41f4a5a8f8b7d8b8399c,3544
    pantry-tree:
      size: 992
      sha256: d792656a70ee42df262a599bc6608bda069e33092d665c3438a6eeeaf7db4fb2
  original:
    hackage: amazonka-1.6.1
- completed:
    hackage: amazonka-core-1.6.1@sha256:9bc59ce403c6eeba3b3eaf3f10e5f0b6a33b6edbbf8f6de0dd6f4c67b86fa698,5135
    pantry-tree:
      size: 3438
      sha256: c13e643176308771491ec0e06390e269047bb1b28be4535992842f7426a95eb4
  original:
    hackage: amazonka-core-1.6.1
- completed:
    hackage: amazonka-s3-1.6.1@sha256:9d07240fca59ad5197fb614ce3051e701e4951e6d4625a2dab4a9c17a1900194,6317
    pantry-tree:
      size: 18385
      sha256: 5cab233d241615764d9fd6927bc397f02887154450a9932c38c2e17ea86d79bc
  original:
    hackage: amazonka-s3-1.6.1
- completed:
    hackage: streaming-conduit-0.1.2.2@sha256:a1378b2696d6e257d150503f144b24e42cf26aececcf7a91c03f95d35d9b4d4e,1496
    pantry-tree:
      size: 387
      sha256: 499e71c637be468d753ce89a0f703b5704ec86937514a0405617558d1df8e0f9
  original:
    hackage: streaming-conduit-0.1.2.2
- completed:
    hackage: streaming-utils-0.2.0.0@sha256:a2bd9144b336393122ffed2d3a1c747c186b8fdb9734c54d8b5874ed6166a85b,4114
    pantry-tree:
      size: 571
      sha256: e0e6ffb4ff9437644e66765d7de6a1f8784e926fcc6edb28aa66e297e119f111
  original:
    hackage: streaming-utils-0.2.0.0
- completed:
    hackage: json-stream-0.4.2.4@sha256:8b7f17d54a6e1e6311756270f8bcf51e91bab4300945400de66118470dcf51b9,4716
    pantry-tree:
      size: 2055
      sha256: 3ad81d47097db52223576d79ff441f04682358cd3057de4acb604409772641ca
  original:
    hackage: json-stream-0.4.2.4
- completed:
    hackage: hvega-0.4.1.0@sha256:0436e61c8570c10ad68e7cf5747bae13f12de9075dc77128bd4bfd5b8b4bce65,8313
    pantry-tree:
      size: 37228
      sha256: d7cd71d3ad9e3dc2dd0569fef51b7d2b77d47ded2243d51be0046b02e9c1b1ee
  original:
    hackage: hvega-0.4.1.0
- completed:
    subdir: funflow
    name: funflow
    version: 1.5.0
    git: https://github.com/tweag/funflow
    pantry-tree:
      size: 2812
      sha256: 97e478f630e12ef51f09149c4ad21901fc56cf36c47b92a5ccb685d24c24c9ed
    commit: 3166c357cd455607e4b5081a1019557e7bbf99f6
  original:
    subdir: funflow
    git: https://github.com/tweag/funflow
    commit: 3166c357cd455607e4b5081a1019557e7bbf99f6
- completed:
    hackage: monad-bayes-0.1.1.0@sha256:57d96f530a37a1c8efed0830c7f2bcf86da05d0d53324aebdd5b5aa165d72829,5132
    pantry-tree:
      size: 2419
      sha256: 39c3c264da0b75b717909693f5ecaf8342761e4da62d6c273ae4fdc5d2011afb
  original:
    hackage: monad-bayes-0.1.1.0@sha256:57d96f530a37a1c8efed0830c7f2bcf86da05d0d53324aebdd5b5aa165d72829,5132
- completed:
    hackage: kqueue-0.2@sha256:47d6c1083e60d55a64511c944629a507bda70906e5317bb6f906d64b2cb78a9f,1369
    pantry-tree:
      size: 468
      sha256: c445e176cb972a3c397aaf0296204600213058a2234305fc7f76cbc7f6d6cc07
  original:
    hackage: kqueue-0.2@sha256:47d6c1083e60d55a64511c944629a507bda70906e5317bb6f906d64b2cb78a9f,1369
snapshots:
- completed:
    size: 524127
    url: https://raw.githubusercontent.com/commercialhaskell/stackage-snapshots/master/lts/14/6.yaml
    sha256: dc70dfb45e2c32f54719819bd055f46855dd4b3bd2e58b9f3f38729a2d553fbb
  original: lts-14.6
